
Microsoft Visual Studio Solution File, Format Version 12.00
# Visual Studio Version 17
VisualStudioVersion = 17.14.36408.4 d17.14
MinimumVisualStudioVersion = 10.0.40219.1
Project("{FAE04EC0-301F-11D3-BF4B-00C04F79EFBC}") = "01-sign-of-integer-numbers", "01-sign-of-integer-numbers\01-sign-of-integer-numbers.csproj", "{B1AC2E55-2127-41B2-8B92-47CABA4B8484}"
EndProject
Project("{FAE04EC0-301F-11D3-BF4B-00C04F79EFBC}") = "02-grades", "02-grades\02-grades.csproj", "{5B5D96D0-48F1-4308-A1E0-C3B826A178DC}"
EndProject
Project("{FAE04EC0-301F-11D3-BF4B-00C04F79EFBC}") = "03-calculations", "03-calculations\03-calculations.csproj", "{1742E15C-5612-4685-9479-A36D8254A3E6}"
EndProject
Project("{FAE04EC0-301F-11D3-BF4B-00C04F79EFBC}") = "04-printing-triangle", "04-printing-triangle\04-printing-triangle.csproj", "{823ED0EF-BFA4-43D8-AC31-B67F790E540A}"
EndProject
Project("{FAE04EC0-301F-11D3-BF4B-00C04F79EFBC}") = "05-orders", "05-orders\05-orders.csproj", "{4BD5497D-6122-43FD-B394-27518282FD75}"
EndProject
Project("{FAE04EC0-301F-11D3-BF4B-00C04F79EFBC}") = "06-calculate-rectangle-area", "06-calculate-rectangle-area\06-calculate-rectangle-area.csproj", "{D03E345B-C380-4EA9-81D0-D8EEFACDFAA6}"
EndProject
Project("{FAE04EC0-301F-11D3-BF4B-00C04F79EFBC}") = "07-repeat-string", "07-repeat-string\07-repeat-string.csproj", "{D0F4AD7A-D5A2-4436-8870-331F974B9850}"
EndProject
Project("{FAE04EC0-301F-11D3-BF4B-00C04F79EFBC}") = "08-math-power", "08-math-power\08-math-power.csproj", "{E77001B1-4BF5-4E4E-B3BC-1A4F100FE9C3}"
EndProject
Project("{FAE04EC0-301F-11D3-BF4B-00C04F79EFBC}") = "09-greater-of-two-values", "09-greater-of-two-values\09-greater-of-two-values.csproj", "{2B5865EF-9EFD-4B43-B2B7-5F55E4A10B06}"
EndProject
Global
	GlobalSection(SolutionConfigurationPlatforms) = preSolution
		Debug|Any CPU = Debug|Any CPU
		Release|Any CPU = Release|Any CPU
	EndGlobalSection
	GlobalSection(ProjectConfigurationPlatforms) = postSolution
		{B1AC2E55-2127-41B2-8B92-47CABA4B8484}.Debug|Any CPU.ActiveCfg = Debug|Any CPU
		{B1AC2E55-2127-41B2-8B92-47CABA4B8484}.Debug|Any CPU.Build.0 = Debug|Any CPU
		{B1AC2E55-2127-41B2-8B92-47CABA4B8484}.Release|Any CPU.ActiveCfg = Release|Any CPU
		{B1AC2E55-2127-41B2-8B92-47CABA4B8484}.Release|Any CPU.Build.0 = Release|Any CPU
		{5B5D96D0-48F1-4308-A1E0-C3B826A178DC}.Debug|Any CPU.ActiveCfg = Debug|Any CPU
		{5B5D96D0-48F1-4308-A1E0-C3B826A178DC}.Debug|Any CPU.Build.0 = Debug|Any CPU
		{5B5D96D0-48F1-4308-A1E0-C3B826A178DC}.Release|Any CPU.ActiveCfg = Release|Any CPU
		{5B5D96D0-48F1-4308-A1E0-C3B826A178DC}.Release|Any CPU.Build.0 = Release|Any CPU
		{1742E15C-5612-4685-9479-A36D8254A3E6}.Debug|Any CPU.ActiveCfg = Debug|Any CPU
		{1742E15C-5612-4685-9479-A36D8254A3E6}.Debug|Any CPU.Build.0 = Debug|Any CPU
		{1742E15C-5612-4685-9479-A36D8254A3E6}.Release|Any CPU.ActiveCfg = Release|Any CPU
		{1742E15C-5612-4685-9479-A36D8254A3E6}.Release|Any CPU.Build.0 = Release|Any CPU
		{823ED0EF-BFA4-43D8-AC31-B67F790E540A}.Debug|Any CPU.ActiveCfg = Debug|Any CPU
		{823ED0EF-BFA4-43D8-AC31-B67F790E540A}.Debug|Any CPU.Build.0 = Debug|Any CPU
		{823ED0EF-BFA4-43D8-AC31-B67F790E540A}.Release|Any CPU.ActiveCfg = Release|Any CPU
		{823ED0EF-BFA4-43D8-AC31-B67F790E540A}.Release|Any CPU.Build.0 = Release|Any CPU
		{4BD5497D-6122-43FD-B394-27518282FD75}.Debug|Any CPU.ActiveCfg = Debug|Any CPU
		{4BD5497D-6122-43FD-B394-27518282FD75}.Debug|Any CPU.Build.0 = Debug|Any CPU
		{4BD5497D-6122-43FD-B394-27518282FD75}.Release|Any CPU.ActiveCfg = Release|Any CPU
		{4BD5497D-6122-43FD-B394-27518282FD75}.Release|Any CPU.Build.0 = Release|Any CPU
		{D03E345B-C380-4EA9-81D0-D8EEFACDFAA6}.Debug|Any CPU.ActiveCfg = Debug|Any CPU
		{D03E345B-C380-4EA9-81D0-D8EEFACDFAA6}.Debug|Any CPU.Build.0 = Debug|Any CPU
		{D03E345B-C380-4EA9-81D0-D8EEFACDFAA6}.Release|Any CPU.ActiveCfg = Release|Any CPU
		{D03E345B-C380-4EA9-81D0-D8EEFACDFAA6}.Release|Any CPU.Build.0 = Release|Any CPU
		{D0F4AD7A-D5A2-4436-8870-331F974B9850}.Debug|Any CPU.ActiveCfg = Debug|Any CPU
		{D0F4AD7A-D5A2-4436-8870-331F974B9850}.Debug|Any CPU.Build.0 = Debug|Any CPU
		{D0F4AD7A-D5A2-4436-8870-331F974B9850}.Release|Any CPU.ActiveCfg = Release|Any CPU
		{D0F4AD7A-D5A2-4436-8870-331F974B9850}.Release|Any CPU.Build.0 = Release|Any CPU
		{E77001B1-4BF5-4E4E-B3BC-1A4F100FE9C3}.Debug|Any CPU.ActiveCfg = Debug|Any CPU
		{E77001B1-4BF5-4E4E-B3BC-1A4F100FE9C3}.Debug|Any CPU.Build.0 = Debug|Any CPU
		{E77001B1-4BF5-4E4E-B3BC-1A4F100FE9C3}.Release|Any CPU.ActiveCfg = Release|Any CPU
		{E77001B1-4BF5-4E4E-B3BC-1A4F100FE9C3}.Release|Any CPU.Build.0 = Release|Any CPU
		{2B5865EF-9EFD-4B43-B2B7-5F55E4A10B06}.Debug|Any CPU.ActiveCfg = Debug|Any CPU
		{2B5865EF-9EFD-4B43-B2B7-5F55E4A10B06}.Debug|Any CPU.Build.0 = Debug|Any CPU
		{2B5865EF-9EFD-4B43-B2B7-5F55E4A10B06}.Release|Any CPU.ActiveCfg = Release|Any CPU
		{2B5865EF-9EFD-4B43-B2B7-5F55E4A10B06}.Release|Any CPU.Build.0 = Release|Any CPU
	EndGlobalSection
	GlobalSection(SolutionProperties) = preSolution
		HideSolutionNode = FALSE
	EndGlobalSection
	GlobalSection(ExtensibilityGlobals) = postSolution
		SolutionGuid = {E150D072-BCB1-48A2-B5E8-99750CEC64C8}
	EndGlobalSection
EndGlobal
