
Microsoft Visual Studio Solution File, Format Version 12.00
# Visual Studio Version 17
VisualStudioVersion = 17.14.36408.4 d17.14
MinimumVisualStudioVersion = 10.0.40219.1
Project("{FAE04EC0-301F-11D3-BF4B-00C04F79EFBC}") = "01-count-chars-in-a-string", "01-count-chars-in-a-string\01-count-chars-in-a-string.csproj", "{0C8283EE-114A-428B-AD63-ED31F381E471}"
EndProject
Project("{FAE04EC0-301F-11D3-BF4B-00C04F79EFBC}") = "02-a-miner-task", "02-a-miner-task\02-a-miner-task.csproj", "{24A841E6-7955-47B5-B1BD-CB352395152F}"
EndProject
Project("{FAE04EC0-301F-11D3-BF4B-00C04F79EFBC}") = "03-orders", "03-orders\03-orders.csproj", "{06A7C521-A95C-4741-A943-142BBA505668}"
EndProject
Project("{FAE04EC0-301F-11D3-BF4B-00C04F79EFBC}") = "04-softuni-parking", "04-softuni-parking\04-softuni-parking.csproj", "{F7375976-D96E-4AD1-8324-FABA7309D523}"
EndProject
Global
	GlobalSection(SolutionConfigurationPlatforms) = preSolution
		Debug|Any CPU = Debug|Any CPU
		Release|Any CPU = Release|Any CPU
	EndGlobalSection
	GlobalSection(ProjectConfigurationPlatforms) = postSolution
		{0C8283EE-114A-428B-AD63-ED31F381E471}.Debug|Any CPU.ActiveCfg = Debug|Any CPU
		{0C8283EE-114A-428B-AD63-ED31F381E471}.Debug|Any CPU.Build.0 = Debug|Any CPU
		{0C8283EE-114A-428B-AD63-ED31F381E471}.Release|Any CPU.ActiveCfg = Release|Any CPU
		{0C8283EE-114A-428B-AD63-ED31F381E471}.Release|Any CPU.Build.0 = Release|Any CPU
		{24A841E6-7955-47B5-B1BD-CB352395152F}.Debug|Any CPU.ActiveCfg = Debug|Any CPU
		{24A841E6-7955-47B5-B1BD-CB352395152F}.Debug|Any CPU.Build.0 = Debug|Any CPU
		{24A841E6-7955-47B5-B1BD-CB352395152F}.Release|Any CPU.ActiveCfg = Release|Any CPU
		{24A841E6-7955-47B5-B1BD-CB352395152F}.Release|Any CPU.Build.0 = Release|Any CPU
		{06A7C521-A95C-4741-A943-142BBA505668}.Debug|Any CPU.ActiveCfg = Debug|Any CPU
		{06A7C521-A95C-4741-A943-142BBA505668}.Debug|Any CPU.Build.0 = Debug|Any CPU
		{06A7C521-A95C-4741-A943-142BBA505668}.Release|Any CPU.ActiveCfg = Release|Any CPU
		{06A7C521-A95C-4741-A943-142BBA505668}.Release|Any CPU.Build.0 = Release|Any CPU
		{F7375976-D96E-4AD1-8324-FABA7309D523}.Debug|Any CPU.ActiveCfg = Debug|Any CPU
		{F7375976-D96E-4AD1-8324-FABA7309D523}.Debug|Any CPU.Build.0 = Debug|Any CPU
		{F7375976-D96E-4AD1-8324-FABA7309D523}.Release|Any CPU.ActiveCfg = Release|Any CPU
		{F7375976-D96E-4AD1-8324-FABA7309D523}.Release|Any CPU.Build.0 = Release|Any CPU
	EndGlobalSection
	GlobalSection(SolutionProperties) = preSolution
		HideSolutionNode = FALSE
	EndGlobalSection
	GlobalSection(ExtensibilityGlobals) = postSolution
		SolutionGuid = {9936F5DB-91DB-492E-B81B-8B0652CC5142}
	EndGlobalSection
EndGlobal
