
Microsoft Visual Studio Solution File, Format Version 12.00
# Visual Studio Version 17
VisualStudioVersion = 17.14.36408.4 d17.14
MinimumVisualStudioVersion = 10.0.40219.1
Project("{FAE04EC0-301F-11D3-BF4B-00C04F79EFBC}") = "01-randomize-words", "01-randomize-words\01-randomize-words.csproj", "{31B8F73F-6E66-4A63-B05D-3CBE814133EE}"
EndProject
Project("{FAE04EC0-301F-11D3-BF4B-00C04F79EFBC}") = "02-big-factorial", "02-big-factorial\02-big-factorial.csproj", "{1EEADA1A-523A-4A2B-B0B0-297D2FB79793}"
EndProject
Global
	GlobalSection(SolutionConfigurationPlatforms) = preSolution
		Debug|Any CPU = Debug|Any CPU
		Release|Any CPU = Release|Any CPU
	EndGlobalSection
	GlobalSection(ProjectConfigurationPlatforms) = postSolution
		{31B8F73F-6E66-4A63-B05D-3CBE814133EE}.Debug|Any CPU.ActiveCfg = Debug|Any CPU
		{31B8F73F-6E66-4A63-B05D-3CBE814133EE}.Debug|Any CPU.Build.0 = Debug|Any CPU
		{31B8F73F-6E66-4A63-B05D-3CBE814133EE}.Release|Any CPU.ActiveCfg = Release|Any CPU
		{31B8F73F-6E66-4A63-B05D-3CBE814133EE}.Release|Any CPU.Build.0 = Release|Any CPU
		{1EEADA1A-523A-4A2B-B0B0-297D2FB79793}.Debug|Any CPU.ActiveCfg = Debug|Any CPU
		{1EEADA1A-523A-4A2B-B0B0-297D2FB79793}.Debug|Any CPU.Build.0 = Debug|Any CPU
		{1EEADA1A-523A-4A2B-B0B0-297D2FB79793}.Release|Any CPU.ActiveCfg = Release|Any CPU
		{1EEADA1A-523A-4A2B-B0B0-297D2FB79793}.Release|Any CPU.Build.0 = Release|Any CPU
	EndGlobalSection
	GlobalSection(SolutionProperties) = preSolution
		HideSolutionNode = FALSE
	EndGlobalSection
	GlobalSection(ExtensibilityGlobals) = postSolution
		SolutionGuid = {2D4FC398-E88A-4017-97ED-B41D74CF18F0}
	EndGlobalSection
EndGlobal
