
Microsoft Visual Studio Solution File, Format Version 12.00
# Visual Studio Version 17
VisualStudioVersion = 17.14.36408.4
MinimumVisualStudioVersion = 10.0.40219.1
Project("{FAE04EC0-301F-11D3-BF4B-00C04F79EFBC}") = "01-train", "01-train\01-train.csproj", "{55BE7E13-4381-4B83-8DFF-061076E56323}"
EndProject
Project("{FAE04EC0-301F-11D3-BF4B-00C04F79EFBC}") = "02-change-list", "02-change-list\02-change-list.csproj", "{828270E7-64E3-44CC-9AA7-E218A9B6ED1E}"
EndProject
Project("{FAE04EC0-301F-11D3-BF4B-00C04F79EFBC}") = "03-house-party", "03-house-party\03-house-party.csproj", "{7FD98495-8567-4448-AACA-8868BDFB443D}"
EndProject
Project("{FAE04EC0-301F-11D3-BF4B-00C04F79EFBC}") = "04-list-operations", "04-list-operations\04-list-operations.csproj", "{3841E8A2-FAF7-47DF-A1E9-4F9B3270DC7B}"
EndProject
Project("{FAE04EC0-301F-11D3-BF4B-00C04F79EFBC}") = "05-bomb-numbers", "05-bomb-numbers\05-bomb-numbers.csproj", "{BD466F87-0994-492D-B9ED-6F7E32757044}"
EndProject
Global
	GlobalSection(SolutionConfigurationPlatforms) = preSolution
		Debug|Any CPU = Debug|Any CPU
		Release|Any CPU = Release|Any CPU
	EndGlobalSection
	GlobalSection(ProjectConfigurationPlatforms) = postSolution
		{55BE7E13-4381-4B83-8DFF-061076E56323}.Debug|Any CPU.ActiveCfg = Debug|Any CPU
		{55BE7E13-4381-4B83-8DFF-061076E56323}.Debug|Any CPU.Build.0 = Debug|Any CPU
		{55BE7E13-4381-4B83-8DFF-061076E56323}.Release|Any CPU.ActiveCfg = Release|Any CPU
		{55BE7E13-4381-4B83-8DFF-061076E56323}.Release|Any CPU.Build.0 = Release|Any CPU
		{828270E7-64E3-44CC-9AA7-E218A9B6ED1E}.Debug|Any CPU.ActiveCfg = Debug|Any CPU
		{828270E7-64E3-44CC-9AA7-E218A9B6ED1E}.Debug|Any CPU.Build.0 = Debug|Any CPU
		{828270E7-64E3-44CC-9AA7-E218A9B6ED1E}.Release|Any CPU.ActiveCfg = Release|Any CPU
		{828270E7-64E3-44CC-9AA7-E218A9B6ED1E}.Release|Any CPU.Build.0 = Release|Any CPU
		{7FD98495-8567-4448-AACA-8868BDFB443D}.Debug|Any CPU.ActiveCfg = Debug|Any CPU
		{7FD98495-8567-4448-AACA-8868BDFB443D}.Debug|Any CPU.Build.0 = Debug|Any CPU
		{7FD98495-8567-4448-AACA-8868BDFB443D}.Release|Any CPU.ActiveCfg = Release|Any CPU
		{7FD98495-8567-4448-AACA-8868BDFB443D}.Release|Any CPU.Build.0 = Release|Any CPU
		{3841E8A2-FAF7-47DF-A1E9-4F9B3270DC7B}.Debug|Any CPU.ActiveCfg = Debug|Any CPU
		{3841E8A2-FAF7-47DF-A1E9-4F9B3270DC7B}.Debug|Any CPU.Build.0 = Debug|Any CPU
		{3841E8A2-FAF7-47DF-A1E9-4F9B3270DC7B}.Release|Any CPU.ActiveCfg = Release|Any CPU
		{3841E8A2-FAF7-47DF-A1E9-4F9B3270DC7B}.Release|Any CPU.Build.0 = Release|Any CPU
		{BD466F87-0994-492D-B9ED-6F7E32757044}.Debug|Any CPU.ActiveCfg = Debug|Any CPU
		{BD466F87-0994-492D-B9ED-6F7E32757044}.Debug|Any CPU.Build.0 = Debug|Any CPU
		{BD466F87-0994-492D-B9ED-6F7E32757044}.Release|Any CPU.ActiveCfg = Release|Any CPU
		{BD466F87-0994-492D-B9ED-6F7E32757044}.Release|Any CPU.Build.0 = Release|Any CPU
	EndGlobalSection
	GlobalSection(SolutionProperties) = preSolution
		HideSolutionNode = FALSE
	EndGlobalSection
	GlobalSection(ExtensibilityGlobals) = postSolution
		SolutionGuid = {5E511BD2-8868-4657-A134-04DE1231F828}
	EndGlobalSection
EndGlobal
