
Microsoft Visual Studio Solution File, Format Version 12.00
# Visual Studio Version 17
VisualStudioVersion = 17.14.36408.4
MinimumVisualStudioVersion = 10.0.40219.1
Project("{FAE04EC0-301F-11D3-BF4B-00C04F79EFBC}") = "01-advertisement-message", "01-advertisement-message\01-advertisement-message.csproj", "{2A086CA5-1EBE-4F3E-92DA-A50F172B81F4}"
EndProject
Project("{FAE04EC0-301F-11D3-BF4B-00C04F79EFBC}") = "02-articles", "02-articles\02-articles.csproj", "{2CF862D6-F71D-43F1-BAEA-AED8A797AFB2}"
EndProject
Project("{FAE04EC0-301F-11D3-BF4B-00C04F79EFBC}") = "03-articles-2", "03-articles-2\03-articles-2.csproj", "{F53C0E53-32A8-4736-8C7C-BFB6689E5E82}"
EndProject
Project("{FAE04EC0-301F-11D3-BF4B-00C04F79EFBC}") = "04-students", "04-students\04-students.csproj", "{CE18CC4D-3724-43A3-A7C6-6F318A24B449}"
EndProject
Global
	GlobalSection(SolutionConfigurationPlatforms) = preSolution
		Debug|Any CPU = Debug|Any CPU
		Release|Any CPU = Release|Any CPU
	EndGlobalSection
	GlobalSection(ProjectConfigurationPlatforms) = postSolution
		{2A086CA5-1EBE-4F3E-92DA-A50F172B81F4}.Debug|Any CPU.ActiveCfg = Debug|Any CPU
		{2A086CA5-1EBE-4F3E-92DA-A50F172B81F4}.Debug|Any CPU.Build.0 = Debug|Any CPU
		{2A086CA5-1EBE-4F3E-92DA-A50F172B81F4}.Release|Any CPU.ActiveCfg = Release|Any CPU
		{2A086CA5-1EBE-4F3E-92DA-A50F172B81F4}.Release|Any CPU.Build.0 = Release|Any CPU
		{2CF862D6-F71D-43F1-BAEA-AED8A797AFB2}.Debug|Any CPU.ActiveCfg = Debug|Any CPU
		{2CF862D6-F71D-43F1-BAEA-AED8A797AFB2}.Debug|Any CPU.Build.0 = Debug|Any CPU
		{2CF862D6-F71D-43F1-BAEA-AED8A797AFB2}.Release|Any CPU.ActiveCfg = Release|Any CPU
		{2CF862D6-F71D-43F1-BAEA-AED8A797AFB2}.Release|Any CPU.Build.0 = Release|Any CPU
		{F53C0E53-32A8-4736-8C7C-BFB6689E5E82}.Debug|Any CPU.ActiveCfg = Debug|Any CPU
		{F53C0E53-32A8-4736-8C7C-BFB6689E5E82}.Debug|Any CPU.Build.0 = Debug|Any CPU
		{F53C0E53-32A8-4736-8C7C-BFB6689E5E82}.Release|Any CPU.ActiveCfg = Release|Any CPU
		{F53C0E53-32A8-4736-8C7C-BFB6689E5E82}.Release|Any CPU.Build.0 = Release|Any CPU
		{CE18CC4D-3724-43A3-A7C6-6F318A24B449}.Debug|Any CPU.ActiveCfg = Debug|Any CPU
		{CE18CC4D-3724-43A3-A7C6-6F318A24B449}.Debug|Any CPU.Build.0 = Debug|Any CPU
		{CE18CC4D-3724-43A3-A7C6-6F318A24B449}.Release|Any CPU.ActiveCfg = Release|Any CPU
		{CE18CC4D-3724-43A3-A7C6-6F318A24B449}.Release|Any CPU.Build.0 = Release|Any CPU
	EndGlobalSection
	GlobalSection(SolutionProperties) = preSolution
		HideSolutionNode = FALSE
	EndGlobalSection
	GlobalSection(ExtensibilityGlobals) = postSolution
		SolutionGuid = {9CBA09BE-433F-4B9E-A369-03040B02F7B7}
	EndGlobalSection
EndGlobal
