
Microsoft Visual Studio Solution File, Format Version 12.00
# Visual Studio Version 17
VisualStudioVersion = 17.14.36408.4 d17.14
MinimumVisualStudioVersion = 10.0.40219.1
Project("{FAE04EC0-301F-11D3-BF4B-00C04F79EFBC}") = "01-train", "01-train\01-train.csproj", "{55BE7E13-4381-4B83-8DFF-061076E56323}"
EndProject
Global
	GlobalSection(SolutionConfigurationPlatforms) = preSolution
		Debug|Any CPU = Debug|Any CPU
		Release|Any CPU = Release|Any CPU
	EndGlobalSection
	GlobalSection(ProjectConfigurationPlatforms) = postSolution
		{55BE7E13-4381-4B83-8DFF-061076E56323}.Debug|Any CPU.ActiveCfg = Debug|Any CPU
		{55BE7E13-4381-4B83-8DFF-061076E56323}.Debug|Any CPU.Build.0 = Debug|Any CPU
		{55BE7E13-4381-4B83-8DFF-061076E56323}.Release|Any CPU.ActiveCfg = Release|Any CPU
		{55BE7E13-4381-4B83-8DFF-061076E56323}.Release|Any CPU.Build.0 = Release|Any CPU
	EndGlobalSection
	GlobalSection(SolutionProperties) = preSolution
		HideSolutionNode = FALSE
	EndGlobalSection
	GlobalSection(ExtensibilityGlobals) = postSolution
		SolutionGuid = {5E511BD2-8868-4657-A134-04DE1231F828}
	EndGlobalSection
EndGlobal
