
Microsoft Visual Studio Solution File, Format Version 12.00
# Visual Studio Version 17
VisualStudioVersion = 17.14.36408.4
MinimumVisualStudioVersion = 10.0.40219.1
Project("{FAE04EC0-301F-11D3-BF4B-00C04F79EFBC}") = "01-convert-meters-to-kilometers", "01-convert-meters-to-kilometers\01-convert-meters-to-kilometers.csproj", "{01016FC9-4752-4C7E-84B9-7EDF2CB80B56}"
EndProject
Project("{FAE04EC0-301F-11D3-BF4B-00C04F79EFBC}") = "02-pounds-to-dollars", "02-pounds-to-dollars\02-pounds-to-dollars.csproj", "{DF6B5212-508F-4DE6-BA9B-41EAAB7D1EB5}"
EndProject
Project("{FAE04EC0-301F-11D3-BF4B-00C04F79EFBC}") = "03-exact-sum-of-real-numbers", "03-exact-sum-of-real-numbers\03-exact-sum-of-real-numbers.csproj", "{958336D7-41D7-4F34-AC6C-64001A7F9031}"
EndProject
Project("{FAE04EC0-301F-11D3-BF4B-00C04F79EFBC}") = "04-centuries-to-minutes", "04-centuries-to-minutes\04-centuries-to-minutes.csproj", "{34CCE105-6970-4B66-A306-36C5C8F1DC18}"
EndProject
Project("{FAE04EC0-301F-11D3-BF4B-00C04F79EFBC}") = "05-special-numbers", "05-special-numbers\05-special-numbers.csproj", "{EBABD8E5-8ED3-424C-92D9-71817AC66BB1}"
EndProject
Project("{FAE04EC0-301F-11D3-BF4B-00C04F79EFBC}") = "06-reversed-chars", "06-reversed-chars\06-reversed-chars.csproj", "{52CC28CB-C43F-4C6C-A091-777E99985BC5}"
EndProject
Project("{FAE04EC0-301F-11D3-BF4B-00C04F79EFBC}") = "07-concat-names", "07-concat-names\07-concat-names.csproj", "{6F34B161-D0D3-4B0A-B214-EC9465F8CFE7}"
EndProject
Project("{FAE04EC0-301F-11D3-BF4B-00C04F79EFBC}") = "08-town-info", "08-town-info\08-town-info.csproj", "{86CF06B4-406A-4138-83BB-4F0926692A82}"
EndProject
Project("{FAE04EC0-301F-11D3-BF4B-00C04F79EFBC}") = "09-chars-to-string", "09-chars-to-string\09-chars-to-string.csproj", "{FDEE20D5-B52B-468B-849B-C14418EC637F}"
EndProject
Project("{FAE04EC0-301F-11D3-BF4B-00C04F79EFBC}") = "10-lower-or-upper", "10-lower-or-upper\10-lower-or-upper.csproj", "{0A1D71B4-9609-4020-BECF-009C552E18CD}"
EndProject
Project("{FAE04EC0-301F-11D3-BF4B-00C04F79EFBC}") = "11-refactor-volume-of-pyramid", "11-refactor-volume-of-pyramid\11-refactor-volume-of-pyramid.csproj", "{D2EB266A-AAA3-4419-AA03-62AFE5F6DDBE}"
EndProject
Project("{FAE04EC0-301F-11D3-BF4B-00C04F79EFBC}") = "12-refactor-special-numbers", "12-refactor-special-numbers\12-refactor-special-numbers.csproj", "{13B71582-8896-4CD9-998D-0C5C4FDB226C}"
EndProject
Global
	GlobalSection(SolutionConfigurationPlatforms) = preSolution
		Debug|Any CPU = Debug|Any CPU
		Release|Any CPU = Release|Any CPU
	EndGlobalSection
	GlobalSection(ProjectConfigurationPlatforms) = postSolution
		{01016FC9-4752-4C7E-84B9-7EDF2CB80B56}.Debug|Any CPU.ActiveCfg = Debug|Any CPU
		{01016FC9-4752-4C7E-84B9-7EDF2CB80B56}.Debug|Any CPU.Build.0 = Debug|Any CPU
		{01016FC9-4752-4C7E-84B9-7EDF2CB80B56}.Release|Any CPU.ActiveCfg = Release|Any CPU
		{01016FC9-4752-4C7E-84B9-7EDF2CB80B56}.Release|Any CPU.Build.0 = Release|Any CPU
		{DF6B5212-508F-4DE6-BA9B-41EAAB7D1EB5}.Debug|Any CPU.ActiveCfg = Debug|Any CPU
		{DF6B5212-508F-4DE6-BA9B-41EAAB7D1EB5}.Debug|Any CPU.Build.0 = Debug|Any CPU
		{DF6B5212-508F-4DE6-BA9B-41EAAB7D1EB5}.Release|Any CPU.ActiveCfg = Release|Any CPU
		{DF6B5212-508F-4DE6-BA9B-41EAAB7D1EB5}.Release|Any CPU.Build.0 = Release|Any CPU
		{958336D7-41D7-4F34-AC6C-64001A7F9031}.Debug|Any CPU.ActiveCfg = Debug|Any CPU
		{958336D7-41D7-4F34-AC6C-64001A7F9031}.Debug|Any CPU.Build.0 = Debug|Any CPU
		{958336D7-41D7-4F34-AC6C-64001A7F9031}.Release|Any CPU.ActiveCfg = Release|Any CPU
		{958336D7-41D7-4F34-AC6C-64001A7F9031}.Release|Any CPU.Build.0 = Release|Any CPU
		{34CCE105-6970-4B66-A306-36C5C8F1DC18}.Debug|Any CPU.ActiveCfg = Debug|Any CPU
		{34CCE105-6970-4B66-A306-36C5C8F1DC18}.Debug|Any CPU.Build.0 = Debug|Any CPU
		{34CCE105-6970-4B66-A306-36C5C8F1DC18}.Release|Any CPU.ActiveCfg = Release|Any CPU
		{34CCE105-6970-4B66-A306-36C5C8F1DC18}.Release|Any CPU.Build.0 = Release|Any CPU
		{EBABD8E5-8ED3-424C-92D9-71817AC66BB1}.Debug|Any CPU.ActiveCfg = Debug|Any CPU
		{EBABD8E5-8ED3-424C-92D9-71817AC66BB1}.Debug|Any CPU.Build.0 = Debug|Any CPU
		{EBABD8E5-8ED3-424C-92D9-71817AC66BB1}.Release|Any CPU.ActiveCfg = Release|Any CPU
		{EBABD8E5-8ED3-424C-92D9-71817AC66BB1}.Release|Any CPU.Build.0 = Release|Any CPU
		{52CC28CB-C43F-4C6C-A091-777E99985BC5}.Debug|Any CPU.ActiveCfg = Debug|Any CPU
		{52CC28CB-C43F-4C6C-A091-777E99985BC5}.Debug|Any CPU.Build.0 = Debug|Any CPU
		{52CC28CB-C43F-4C6C-A091-777E99985BC5}.Release|Any CPU.ActiveCfg = Release|Any CPU
		{52CC28CB-C43F-4C6C-A091-777E99985BC5}.Release|Any CPU.Build.0 = Release|Any CPU
		{6F34B161-D0D3-4B0A-B214-EC9465F8CFE7}.Debug|Any CPU.ActiveCfg = Debug|Any CPU
		{6F34B161-D0D3-4B0A-B214-EC9465F8CFE7}.Debug|Any CPU.Build.0 = Debug|Any CPU
		{6F34B161-D0D3-4B0A-B214-EC9465F8CFE7}.Release|Any CPU.ActiveCfg = Release|Any CPU
		{6F34B161-D0D3-4B0A-B214-EC9465F8CFE7}.Release|Any CPU.Build.0 = Release|Any CPU
		{86CF06B4-406A-4138-83BB-4F0926692A82}.Debug|Any CPU.ActiveCfg = Debug|Any CPU
		{86CF06B4-406A-4138-83BB-4F0926692A82}.Debug|Any CPU.Build.0 = Debug|Any CPU
		{86CF06B4-406A-4138-83BB-4F0926692A82}.Release|Any CPU.ActiveCfg = Release|Any CPU
		{86CF06B4-406A-4138-83BB-4F0926692A82}.Release|Any CPU.Build.0 = Release|Any CPU
		{FDEE20D5-B52B-468B-849B-C14418EC637F}.Debug|Any CPU.ActiveCfg = Debug|Any CPU
		{FDEE20D5-B52B-468B-849B-C14418EC637F}.Debug|Any CPU.Build.0 = Debug|Any CPU
		{FDEE20D5-B52B-468B-849B-C14418EC637F}.Release|Any CPU.ActiveCfg = Release|Any CPU
		{FDEE20D5-B52B-468B-849B-C14418EC637F}.Release|Any CPU.Build.0 = Release|Any CPU
		{0A1D71B4-9609-4020-BECF-009C552E18CD}.Debug|Any CPU.ActiveCfg = Debug|Any CPU
		{0A1D71B4-9609-4020-BECF-009C552E18CD}.Debug|Any CPU.Build.0 = Debug|Any CPU
		{0A1D71B4-9609-4020-BECF-009C552E18CD}.Release|Any CPU.ActiveCfg = Release|Any CPU
		{0A1D71B4-9609-4020-BECF-009C552E18CD}.Release|Any CPU.Build.0 = Release|Any CPU
		{D2EB266A-AAA3-4419-AA03-62AFE5F6DDBE}.Debug|Any CPU.ActiveCfg = Debug|Any CPU
		{D2EB266A-AAA3-4419-AA03-62AFE5F6DDBE}.Debug|Any CPU.Build.0 = Debug|Any CPU
		{D2EB266A-AAA3-4419-AA03-62AFE5F6DDBE}.Release|Any CPU.ActiveCfg = Release|Any CPU
		{D2EB266A-AAA3-4419-AA03-62AFE5F6DDBE}.Release|Any CPU.Build.0 = Release|Any CPU
		{13B71582-8896-4CD9-998D-0C5C4FDB226C}.Debug|Any CPU.ActiveCfg = Debug|Any CPU
		{13B71582-8896-4CD9-998D-0C5C4FDB226C}.Debug|Any CPU.Build.0 = Debug|Any CPU
		{13B71582-8896-4CD9-998D-0C5C4FDB226C}.Release|Any CPU.ActiveCfg = Release|Any CPU
		{13B71582-8896-4CD9-998D-0C5C4FDB226C}.Release|Any CPU.Build.0 = Release|Any CPU
	EndGlobalSection
	GlobalSection(SolutionProperties) = preSolution
		HideSolutionNode = FALSE
	EndGlobalSection
	GlobalSection(ExtensibilityGlobals) = postSolution
		SolutionGuid = {C59EF9A0-1423-4EC9-B19E-7E002723D4C5}
	EndGlobalSection
EndGlobal
