
Microsoft Visual Studio Solution File, Format Version 12.00
# Visual Studio Version 17
VisualStudioVersion = 17.14.36408.4 d17.14
MinimumVisualStudioVersion = 10.0.40219.1
Project("{FAE04EC0-301F-11D3-BF4B-00C04F79EFBC}") = "01-count-real-numbers", "01-count-real-numbers\01-count-real-numbers.csproj", "{96DF0810-8332-4E07-862C-411F850C9160}"
EndProject
Project("{FAE04EC0-301F-11D3-BF4B-00C04F79EFBC}") = "02-odd-occurrences", "02-odd-occurrences\02-odd-occurrences.csproj", "{9176F46B-0874-437D-80FA-FB40366D0CE9}"
EndProject
Global
	GlobalSection(SolutionConfigurationPlatforms) = preSolution
		Debug|Any CPU = Debug|Any CPU
		Release|Any CPU = Release|Any CPU
	EndGlobalSection
	GlobalSection(ProjectConfigurationPlatforms) = postSolution
		{96DF0810-8332-4E07-862C-411F850C9160}.Debug|Any CPU.ActiveCfg = Debug|Any CPU
		{96DF0810-8332-4E07-862C-411F850C9160}.Debug|Any CPU.Build.0 = Debug|Any CPU
		{96DF0810-8332-4E07-862C-411F850C9160}.Release|Any CPU.ActiveCfg = Release|Any CPU
		{96DF0810-8332-4E07-862C-411F850C9160}.Release|Any CPU.Build.0 = Release|Any CPU
		{9176F46B-0874-437D-80FA-FB40366D0CE9}.Debug|Any CPU.ActiveCfg = Debug|Any CPU
		{9176F46B-0874-437D-80FA-FB40366D0CE9}.Debug|Any CPU.Build.0 = Debug|Any CPU
		{9176F46B-0874-437D-80FA-FB40366D0CE9}.Release|Any CPU.ActiveCfg = Release|Any CPU
		{9176F46B-0874-437D-80FA-FB40366D0CE9}.Release|Any CPU.Build.0 = Release|Any CPU
	EndGlobalSection
	GlobalSection(SolutionProperties) = preSolution
		HideSolutionNode = FALSE
	EndGlobalSection
	GlobalSection(ExtensibilityGlobals) = postSolution
		SolutionGuid = {5D239899-9737-4B10-9B5A-63CDB64B201C}
	EndGlobalSection
EndGlobal
