
Microsoft Visual Studio Solution File, Format Version 12.00
# Visual Studio Version 17
VisualStudioVersion = 17.14.36408.4
MinimumVisualStudioVersion = 10.0.40219.1
Project("{FAE04EC0-301F-11D3-BF4B-00C04F79EFBC}") = "01-ranking", "01-ranking\01-ranking.csproj", "{63726DB9-15CE-4E23-8417-81E7DE159B19}"
EndProject
Project("{FAE04EC0-301F-11D3-BF4B-00C04F79EFBC}") = "02-judge", "02-judge\02-judge.csproj", "{1AF829AA-6C44-4186-8FB8-1B8BCF860111}"
EndProject
Project("{FAE04EC0-301F-11D3-BF4B-00C04F79EFBC}") = "03-moba-challenger", "03-moba-challenger\03-moba-challenger.csproj", "{4D2BC8F3-68B0-4BEC-9054-61BD6E683F85}"
EndProject
Global
	GlobalSection(SolutionConfigurationPlatforms) = preSolution
		Debug|Any CPU = Debug|Any CPU
		Release|Any CPU = Release|Any CPU
	EndGlobalSection
	GlobalSection(ProjectConfigurationPlatforms) = postSolution
		{63726DB9-15CE-4E23-8417-81E7DE159B19}.Debug|Any CPU.ActiveCfg = Debug|Any CPU
		{63726DB9-15CE-4E23-8417-81E7DE159B19}.Debug|Any CPU.Build.0 = Debug|Any CPU
		{63726DB9-15CE-4E23-8417-81E7DE159B19}.Release|Any CPU.ActiveCfg = Release|Any CPU
		{63726DB9-15CE-4E23-8417-81E7DE159B19}.Release|Any CPU.Build.0 = Release|Any CPU
		{1AF829AA-6C44-4186-8FB8-1B8BCF860111}.Debug|Any CPU.ActiveCfg = Debug|Any CPU
		{1AF829AA-6C44-4186-8FB8-1B8BCF860111}.Debug|Any CPU.Build.0 = Debug|Any CPU
		{1AF829AA-6C44-4186-8FB8-1B8BCF860111}.Release|Any CPU.ActiveCfg = Release|Any CPU
		{1AF829AA-6C44-4186-8FB8-1B8BCF860111}.Release|Any CPU.Build.0 = Release|Any CPU
		{4D2BC8F3-68B0-4BEC-9054-61BD6E683F85}.Debug|Any CPU.ActiveCfg = Debug|Any CPU
		{4D2BC8F3-68B0-4BEC-9054-61BD6E683F85}.Debug|Any CPU.Build.0 = Debug|Any CPU
		{4D2BC8F3-68B0-4BEC-9054-61BD6E683F85}.Release|Any CPU.ActiveCfg = Release|Any CPU
		{4D2BC8F3-68B0-4BEC-9054-61BD6E683F85}.Release|Any CPU.Build.0 = Release|Any CPU
	EndGlobalSection
	GlobalSection(SolutionProperties) = preSolution
		HideSolutionNode = FALSE
	EndGlobalSection
	GlobalSection(ExtensibilityGlobals) = postSolution
		SolutionGuid = {F6123135-8000-460F-89B6-0366F2DC1F9F}
	EndGlobalSection
EndGlobal
