
Microsoft Visual Studio Solution File, Format Version 12.00
# Visual Studio Version 17
VisualStudioVersion = 17.14.36408.4
MinimumVisualStudioVersion = 10.0.40219.1
Project("{FAE04EC0-301F-11D3-BF4B-00C04F79EFBC}") = "01-reverse-strings", "01-reverse-strings\01-reverse-strings.csproj", "{89D9EFD0-39C6-40D3-814F-64BDDB1A2D83}"
EndProject
Project("{FAE04EC0-301F-11D3-BF4B-00C04F79EFBC}") = "02-repeat-strings", "02-repeat-strings\02-repeat-strings.csproj", "{C24D37A6-A4B9-4499-A5DE-D973A9C7041D}"
EndProject
Global
	GlobalSection(SolutionConfigurationPlatforms) = preSolution
		Debug|Any CPU = Debug|Any CPU
		Release|Any CPU = Release|Any CPU
	EndGlobalSection
	GlobalSection(ProjectConfigurationPlatforms) = postSolution
		{89D9EFD0-39C6-40D3-814F-64BDDB1A2D83}.Debug|Any CPU.ActiveCfg = Debug|Any CPU
		{89D9EFD0-39C6-40D3-814F-64BDDB1A2D83}.Debug|Any CPU.Build.0 = Debug|Any CPU
		{89D9EFD0-39C6-40D3-814F-64BDDB1A2D83}.Release|Any CPU.ActiveCfg = Release|Any CPU
		{89D9EFD0-39C6-40D3-814F-64BDDB1A2D83}.Release|Any CPU.Build.0 = Release|Any CPU
		{C24D37A6-A4B9-4499-A5DE-D973A9C7041D}.Debug|Any CPU.ActiveCfg = Debug|Any CPU
		{C24D37A6-A4B9-4499-A5DE-D973A9C7041D}.Debug|Any CPU.Build.0 = Debug|Any CPU
		{C24D37A6-A4B9-4499-A5DE-D973A9C7041D}.Release|Any CPU.ActiveCfg = Release|Any CPU
		{C24D37A6-A4B9-4499-A5DE-D973A9C7041D}.Release|Any CPU.Build.0 = Release|Any CPU
	EndGlobalSection
	GlobalSection(SolutionProperties) = preSolution
		HideSolutionNode = FALSE
	EndGlobalSection
	GlobalSection(ExtensibilityGlobals) = postSolution
		SolutionGuid = {4FF1EDCC-93A1-41FC-B9AC-2268D91AE5AF}
	EndGlobalSection
EndGlobal
