
Microsoft Visual Studio Solution File, Format Version 12.00
# Visual Studio Version 17
VisualStudioVersion = 17.14.36408.4 d17.14
MinimumVisualStudioVersion = 10.0.40219.1
Project("{FAE04EC0-301F-11D3-BF4B-00C04F79EFBC}") = "01-integer-operations", "01-integer-operations\01-integer-operations.csproj", "{DA7C679B-A6ED-449B-B375-07F713F3D1A7}"
EndProject
Global
	GlobalSection(SolutionConfigurationPlatforms) = preSolution
		Debug|Any CPU = Debug|Any CPU
		Release|Any CPU = Release|Any CPU
	EndGlobalSection
	GlobalSection(ProjectConfigurationPlatforms) = postSolution
		{DA7C679B-A6ED-449B-B375-07F713F3D1A7}.Debug|Any CPU.ActiveCfg = Debug|Any CPU
		{DA7C679B-A6ED-449B-B375-07F713F3D1A7}.Debug|Any CPU.Build.0 = Debug|Any CPU
		{DA7C679B-A6ED-449B-B375-07F713F3D1A7}.Release|Any CPU.ActiveCfg = Release|Any CPU
		{DA7C679B-A6ED-449B-B375-07F713F3D1A7}.Release|Any CPU.Build.0 = Release|Any CPU
	EndGlobalSection
	GlobalSection(SolutionProperties) = preSolution
		HideSolutionNode = FALSE
	EndGlobalSection
	GlobalSection(ExtensibilityGlobals) = postSolution
		SolutionGuid = {B05ABFF4-B190-43FF-A73D-3B3FD8DE8DCC}
	EndGlobalSection
EndGlobal
