
Microsoft Visual Studio Solution File, Format Version 12.00
# Visual Studio Version 17
VisualStudioVersion = 17.14.36408.4
MinimumVisualStudioVersion = 10.0.40219.1
Project("{FAE04EC0-301F-11D3-BF4B-00C04F79EFBC}") = "01-smallest-of-three-numbers", "01-smallest-of-three-numbers\01-smallest-of-three-numbers.csproj", "{3569240C-A09F-4F10-8E92-59B11A9976E2}"
EndProject
Project("{FAE04EC0-301F-11D3-BF4B-00C04F79EFBC}") = "02-vowels-count", "02-vowels-count\02-vowels-count.csproj", "{B31C965E-71ED-4AA3-803B-883BF4B4F303}"
EndProject
Project("{FAE04EC0-301F-11D3-BF4B-00C04F79EFBC}") = "03-characters-in-range", "03-characters-in-range\03-characters-in-range.csproj", "{2DEAA457-FC14-4F08-97FD-4B4F4AE67007}"
EndProject
Project("{FAE04EC0-301F-11D3-BF4B-00C04F79EFBC}") = "04-password-validator", "04-password-validator\04-password-validator.csproj", "{8899DB8C-09E9-46E5-AC6C-1C2E092BE80D}"
EndProject
Project("{FAE04EC0-301F-11D3-BF4B-00C04F79EFBC}") = "05-add-and-subtract", "05-add-and-subtract\05-add-and-subtract.csproj", "{FB4A9570-07C3-4169-9F54-F00B88CA2A7D}"
EndProject
Project("{FAE04EC0-301F-11D3-BF4B-00C04F79EFBC}") = "06-middle-characters", "06-middle-characters\06-middle-characters.csproj", "{72E0E1FA-F34F-458C-B326-3DA930479F86}"
EndProject
Project("{FAE04EC0-301F-11D3-BF4B-00C04F79EFBC}") = "07-nxn-matrix", "07-nxn-matrix\07-nxn-matrix.csproj", "{C19DD728-335D-4650-9606-DC544E4E3CE2}"
EndProject
Project("{FAE04EC0-301F-11D3-BF4B-00C04F79EFBC}") = "08-factorial-division", "08-factorial-division\08-factorial-division.csproj", "{2B193DCF-AA21-4D2E-B744-E4E978690DC1}"
EndProject
Global
	GlobalSection(SolutionConfigurationPlatforms) = preSolution
		Debug|Any CPU = Debug|Any CPU
		Release|Any CPU = Release|Any CPU
	EndGlobalSection
	GlobalSection(ProjectConfigurationPlatforms) = postSolution
		{3569240C-A09F-4F10-8E92-59B11A9976E2}.Debug|Any CPU.ActiveCfg = Debug|Any CPU
		{3569240C-A09F-4F10-8E92-59B11A9976E2}.Debug|Any CPU.Build.0 = Debug|Any CPU
		{3569240C-A09F-4F10-8E92-59B11A9976E2}.Release|Any CPU.ActiveCfg = Release|Any CPU
		{3569240C-A09F-4F10-8E92-59B11A9976E2}.Release|Any CPU.Build.0 = Release|Any CPU
		{B31C965E-71ED-4AA3-803B-883BF4B4F303}.Debug|Any CPU.ActiveCfg = Debug|Any CPU
		{B31C965E-71ED-4AA3-803B-883BF4B4F303}.Debug|Any CPU.Build.0 = Debug|Any CPU
		{B31C965E-71ED-4AA3-803B-883BF4B4F303}.Release|Any CPU.ActiveCfg = Release|Any CPU
		{B31C965E-71ED-4AA3-803B-883BF4B4F303}.Release|Any CPU.Build.0 = Release|Any CPU
		{2DEAA457-FC14-4F08-97FD-4B4F4AE67007}.Debug|Any CPU.ActiveCfg = Debug|Any CPU
		{2DEAA457-FC14-4F08-97FD-4B4F4AE67007}.Debug|Any CPU.Build.0 = Debug|Any CPU
		{2DEAA457-FC14-4F08-97FD-4B4F4AE67007}.Release|Any CPU.ActiveCfg = Release|Any CPU
		{2DEAA457-FC14-4F08-97FD-4B4F4AE67007}.Release|Any CPU.Build.0 = Release|Any CPU
		{8899DB8C-09E9-46E5-AC6C-1C2E092BE80D}.Debug|Any CPU.ActiveCfg = Debug|Any CPU
		{8899DB8C-09E9-46E5-AC6C-1C2E092BE80D}.Debug|Any CPU.Build.0 = Debug|Any CPU
		{8899DB8C-09E9-46E5-AC6C-1C2E092BE80D}.Release|Any CPU.ActiveCfg = Release|Any CPU
		{8899DB8C-09E9-46E5-AC6C-1C2E092BE80D}.Release|Any CPU.Build.0 = Release|Any CPU
		{FB4A9570-07C3-4169-9F54-F00B88CA2A7D}.Debug|Any CPU.ActiveCfg = Debug|Any CPU
		{FB4A9570-07C3-4169-9F54-F00B88CA2A7D}.Debug|Any CPU.Build.0 = Debug|Any CPU
		{FB4A9570-07C3-4169-9F54-F00B88CA2A7D}.Release|Any CPU.ActiveCfg = Release|Any CPU
		{FB4A9570-07C3-4169-9F54-F00B88CA2A7D}.Release|Any CPU.Build.0 = Release|Any CPU
		{72E0E1FA-F34F-458C-B326-3DA930479F86}.Debug|Any CPU.ActiveCfg = Debug|Any CPU
		{72E0E1FA-F34F-458C-B326-3DA930479F86}.Debug|Any CPU.Build.0 = Debug|Any CPU
		{72E0E1FA-F34F-458C-B326-3DA930479F86}.Release|Any CPU.ActiveCfg = Release|Any CPU
		{72E0E1FA-F34F-458C-B326-3DA930479F86}.Release|Any CPU.Build.0 = Release|Any CPU
		{C19DD728-335D-4650-9606-DC544E4E3CE2}.Debug|Any CPU.ActiveCfg = Debug|Any CPU
		{C19DD728-335D-4650-9606-DC544E4E3CE2}.Debug|Any CPU.Build.0 = Debug|Any CPU
		{C19DD728-335D-4650-9606-DC544E4E3CE2}.Release|Any CPU.ActiveCfg = Release|Any CPU
		{C19DD728-335D-4650-9606-DC544E4E3CE2}.Release|Any CPU.Build.0 = Release|Any CPU
		{2B193DCF-AA21-4D2E-B744-E4E978690DC1}.Debug|Any CPU.ActiveCfg = Debug|Any CPU
		{2B193DCF-AA21-4D2E-B744-E4E978690DC1}.Debug|Any CPU.Build.0 = Debug|Any CPU
		{2B193DCF-AA21-4D2E-B744-E4E978690DC1}.Release|Any CPU.ActiveCfg = Release|Any CPU
		{2B193DCF-AA21-4D2E-B744-E4E978690DC1}.Release|Any CPU.Build.0 = Release|Any CPU
	EndGlobalSection
	GlobalSection(SolutionProperties) = preSolution
		HideSolutionNode = FALSE
	EndGlobalSection
	GlobalSection(ExtensibilityGlobals) = postSolution
		SolutionGuid = {1F76B661-7E43-45E2-902E-BA2AF4747F6F}
	EndGlobalSection
EndGlobal
